// !$*UTF8*$!
{
	archiveVersion = 1;
	classes = {
	};
	objectVersion = 46;
	objects = {

/* Begin PBXBuildFile section */
		4E012B42196A519B0009218E /* NMSTranslator.m in Sources */ = {isa = PBXBuildFile; fileRef = 4E012B41196A519B0009218E /* NMSTranslator.m */; };
		4E059279196B6180002ED528 /* NSString+HttpEscapedString.m in Sources */ = {isa = PBXBuildFile; fileRef = 4E059278196B6180002ED528 /* NSString+HttpEscapedString.m */; };
		4E05927C196B64CF002ED528 /* NSRegularExpression+TranslateResponseParser.m in Sources */ = {isa = PBXBuildFile; fileRef = 4E05927B196B64CF002ED528 /* NSRegularExpression+TranslateResponseParser.m */; };
		4E059281196B6713002ED528 /* NSDictionary+HttpArguments.m in Sources */ = {isa = PBXBuildFile; fileRef = 4E059280196B6713002ED528 /* NSDictionary+HttpArguments.m */; };
		4E059283196B68A5002ED528 /* NMSNSString+HttpEscapedStringTest.m in Sources */ = {isa = PBXBuildFile; fileRef = 4E059282196B68A5002ED528 /* NMSNSString+HttpEscapedStringTest.m */; };
		4E059285196B6F81002ED528 /* NMSNSDictionary+HttpArgumentsTest.m in Sources */ = {isa = PBXBuildFile; fileRef = 4E059284196B6F81002ED528 /* NMSNSDictionary+HttpArgumentsTest.m */; };
		4E059287196B7313002ED528 /* NMSNSRegularExpression+TranslateResponseParserTest.m in Sources */ = {isa = PBXBuildFile; fileRef = 4E059286196B7313002ED528 /* NMSNSRegularExpression+TranslateResponseParserTest.m */; };
		4E1B625A196A389E00F68C98 /* Foundation.framework in Frameworks */ = {isa = PBXBuildFile; fileRef = 4E1B6259196A389E00F68C98 /* Foundation.framework */; };
		4E1B625C196A389E00F68C98 /* CoreGraphics.framework in Frameworks */ = {isa = PBXBuildFile; fileRef = 4E1B625B196A389E00F68C98 /* CoreGraphics.framework */; };
		4E1B625E196A389E00F68C98 /* UIKit.framework in Frameworks */ = {isa = PBXBuildFile; fileRef = 4E1B625D196A389E00F68C98 /* UIKit.framework */; };
		4E1B6264196A389E00F68C98 /* InfoPlist.strings in Resources */ = {isa = PBXBuildFile; fileRef = 4E1B6262196A389E00F68C98 /* InfoPlist.strings */; };
		4E1B6266196A389E00F68C98 /* main.m in Sources */ = {isa = PBXBuildFile; fileRef = 4E1B6265196A389E00F68C98 /* main.m */; };
		4E1B626A196A389E00F68C98 /* NMSAppDelegate.m in Sources */ = {isa = PBXBuildFile; fileRef = 4E1B6269196A389E00F68C98 /* NMSAppDelegate.m */; };
		4E1B6270196A389E00F68C98 /* NMSViewController.m in Sources */ = {isa = PBXBuildFile; fileRef = 4E1B626F196A389E00F68C98 /* NMSViewController.m */; };
		4E1B6272196A389E00F68C98 /* Images.xcassets in Resources */ = {isa = PBXBuildFile; fileRef = 4E1B6271196A389E00F68C98 /* Images.xcassets */; };
		4E1B6279196A389F00F68C98 /* XCTest.framework in Frameworks */ = {isa = PBXBuildFile; fileRef = 4E1B6278196A389F00F68C98 /* XCTest.framework */; };
		4E1B627A196A389F00F68C98 /* Foundation.framework in Frameworks */ = {isa = PBXBuildFile; fileRef = 4E1B6259196A389E00F68C98 /* Foundation.framework */; };
		4E1B627B196A389F00F68C98 /* UIKit.framework in Frameworks */ = {isa = PBXBuildFile; fileRef = 4E1B625D196A389E00F68C98 /* UIKit.framework */; };
		4E1B6283196A389F00F68C98 /* InfoPlist.strings in Resources */ = {isa = PBXBuildFile; fileRef = 4E1B6281196A389F00F68C98 /* InfoPlist.strings */; };
		4ED928DA196A43EA00E8A29F /* Main.storyboard in Resources */ = {isa = PBXBuildFile; fileRef = 4ED928D9196A43EA00E8A29F /* Main.storyboard */; };
/* End PBXBuildFile section */

/* Begin PBXContainerItemProxy section */
		4E1B627C196A389F00F68C98 /* PBXContainerItemProxy */ = {
			isa = PBXContainerItemProxy;
			containerPortal = 4E1B624E196A389E00F68C98 /* Project object */;
			proxyType = 1;
			remoteGlobalIDString = 4E1B6255196A389E00F68C98;
			remoteInfo = NeetMSTranslator;
		};
/* End PBXContainerItemProxy section */

/* Begin PBXFileReference section */
		454A5F709A1041BBAB33C7A9 /* libPods.a */ = {isa = PBXFileReference; explicitFileType = archive.ar; includeInIndex = 0; path = libPods.a; sourceTree = BUILT_PRODUCTS_DIR; };
		4E012B40196A519B0009218E /* NMSTranslator.h */ = {isa = PBXFileReference; fileEncoding = 4; lastKnownFileType = sourcecode.c.h; path = NMSTranslator.h; sourceTree = "<group>"; };
		4E012B41196A519B0009218E /* NMSTranslator.m */ = {isa = PBXFileReference; fileEncoding = 4; lastKnownFileType = sourcecode.c.objc; path = NMSTranslator.m; sourceTree = "<group>"; };
		4E059277196B6180002ED528 /* NSString+HttpEscapedString.h */ = {isa = PBXFileReference; fileEncoding = 4; lastKnownFileType = sourcecode.c.h; path = "NSString+HttpEscapedString.h"; sourceTree = "<group>"; };
		4E059278196B6180002ED528 /* NSString+HttpEscapedString.m */ = {isa = PBXFileReference; fileEncoding = 4; lastKnownFileType = sourcecode.c.objc; path = "NSString+HttpEscapedString.m"; sourceTree = "<group>"; };
		4E05927A196B64CF002ED528 /* NSRegularExpression+TranslateResponseParser.h */ = {isa = PBXFileReference; fileEncoding = 4; lastKnownFileType = sourcecode.c.h; path = "NSRegularExpression+TranslateResponseParser.h"; sourceTree = "<group>"; };
		4E05927B196B64CF002ED528 /* NSRegularExpression+TranslateResponseParser.m */ = {isa = PBXFileReference; fileEncoding = 4; lastKnownFileType = sourcecode.c.objc; path = "NSRegularExpression+TranslateResponseParser.m"; sourceTree = "<group>"; };
		4E05927F196B6713002ED528 /* NSDictionary+HttpArguments.h */ = {isa = PBXFileReference; fileEncoding = 4; lastKnownFileType = sourcecode.c.h; path = "NSDictionary+HttpArguments.h"; sourceTree = "<group>"; };
		4E059280196B6713002ED528 /* NSDictionary+HttpArguments.m */ = {isa = PBXFileReference; fileEncoding = 4; lastKnownFileType = sourcecode.c.objc; path = "NSDictionary+HttpArguments.m"; sourceTree = "<group>"; };
		4E059282196B68A5002ED528 /* NMSNSString+HttpEscapedStringTest.m */ = {isa = PBXFileReference; fileEncoding = 4; lastKnownFileType = sourcecode.c.objc; path = "NMSNSString+HttpEscapedStringTest.m"; sourceTree = "<group>"; };
		4E059284196B6F81002ED528 /* NMSNSDictionary+HttpArgumentsTest.m */ = {isa = PBXFileReference; fileEncoding = 4; lastKnownFileType = sourcecode.c.objc; path = "NMSNSDictionary+HttpArgumentsTest.m"; sourceTree = "<group>"; };
		4E059286196B7313002ED528 /* NMSNSRegularExpression+TranslateResponseParserTest.m */ = {isa = PBXFileReference; fileEncoding = 4; lastKnownFileType = sourcecode.c.objc; path = "NMSNSRegularExpression+TranslateResponseParserTest.m"; sourceTree = "<group>"; };
		4E1B6256196A389E00F68C98 /* NeetMSTranslator.app */ = {isa = PBXFileReference; explicitFileType = wrapper.application; includeInIndex = 0; path = NeetMSTranslator.app; sourceTree = BUILT_PRODUCTS_DIR; };
		4E1B6259196A389E00F68C98 /* Foundation.framework */ = {isa = PBXFileReference; lastKnownFileType = wrapper.framework; name = Foundation.framework; path = System/Library/Frameworks/Foundation.framework; sourceTree = SDKROOT; };
		4E1B625B196A389E00F68C98 /* CoreGraphics.framework */ = {isa = PBXFileReference; lastKnownFileType = wrapper.framework; name = CoreGraphics.framework; path = System/Library/Frameworks/CoreGraphics.framework; sourceTree = SDKROOT; };
		4E1B625D196A389E00F68C98 /* UIKit.framework */ = {isa = PBXFileReference; lastKnownFileType = wrapper.framework; name = UIKit.framework; path = System/Library/Frameworks/UIKit.framework; sourceTree = SDKROOT; };
		4E1B6261196A389E00F68C98 /* NeetMSTranslator-Info.plist */ = {isa = PBXFileReference; lastKnownFileType = text.plist.xml; path = "NeetMSTranslator-Info.plist"; sourceTree = "<group>"; };
		4E1B6263196A389E00F68C98 /* en */ = {isa = PBXFileReference; lastKnownFileType = text.plist.strings; name = en; path = en.lproj/InfoPlist.strings; sourceTree = "<group>"; };
		4E1B6265196A389E00F68C98 /* main.m */ = {isa = PBXFileReference; lastKnownFileType = sourcecode.c.objc; path = main.m; sourceTree = "<group>"; };
		4E1B6267196A389E00F68C98 /* NeetMSTranslator-Prefix.pch */ = {isa = PBXFileReference; lastKnownFileType = sourcecode.c.h; path = "NeetMSTranslator-Prefix.pch"; sourceTree = "<group>"; };
		4E1B6268196A389E00F68C98 /* NMSAppDelegate.h */ = {isa = PBXFileReference; lastKnownFileType = sourcecode.c.h; path = NMSAppDelegate.h; sourceTree = "<group>"; };
		4E1B6269196A389E00F68C98 /* NMSAppDelegate.m */ = {isa = PBXFileReference; lastKnownFileType = sourcecode.c.objc; path = NMSAppDelegate.m; sourceTree = "<group>"; };
		4E1B626E196A389E00F68C98 /* NMSViewController.h */ = {isa = PBXFileReference; lastKnownFileType = sourcecode.c.h; path = NMSViewController.h; sourceTree = "<group>"; };
		4E1B626F196A389E00F68C98 /* NMSViewController.m */ = {isa = PBXFileReference; lastKnownFileType = sourcecode.c.objc; path = NMSViewController.m; sourceTree = "<group>"; };
		4E1B6271196A389E00F68C98 /* Images.xcassets */ = {isa = PBXFileReference; lastKnownFileType = folder.assetcatalog; path = Images.xcassets; sourceTree = "<group>"; };
		4E1B6277196A389F00F68C98 /* NeetMSTranslatorTests.xctest */ = {isa = PBXFileReference; explicitFileType = wrapper.cfbundle; includeInIndex = 0; path = NeetMSTranslatorTests.xctest; sourceTree = BUILT_PRODUCTS_DIR; };
		4E1B6278196A389F00F68C98 /* XCTest.framework */ = {isa = PBXFileReference; lastKnownFileType = wrapper.framework; name = XCTest.framework; path = Library/Frameworks/XCTest.framework; sourceTree = DEVELOPER_DIR; };
		4E1B6280196A389F00F68C98 /* NeetMSTranslatorTests-Info.plist */ = {isa = PBXFileReference; lastKnownFileType = text.plist.xml; path = "NeetMSTranslatorTests-Info.plist"; sourceTree = "<group>"; };
		4E1B6282196A389F00F68C98 /* en */ = {isa = PBXFileReference; lastKnownFileType = text.plist.strings; name = en; path = en.lproj/InfoPlist.strings; sourceTree = "<group>"; };
		4ED928D9196A43EA00E8A29F /* Main.storyboard */ = {isa = PBXFileReference; fileEncoding = 4; lastKnownFileType = file.storyboard; path = Main.storyboard; sourceTree = "<group>"; };
/* End PBXFileReference section */

/* Begin PBXFrameworksBuildPhase section */
		4E1B6253196A389E00F68C98 /* Frameworks */ = {
			isa = PBXFrameworksBuildPhase;
			buildActionMask = 2147483647;
			files = (
				4E1B625C196A389E00F68C98 /* CoreGraphics.framework in Frameworks */,
				4E1B625E196A389E00F68C98 /* UIKit.framework in Frameworks */,
				4E1B625A196A389E00F68C98 /* Foundation.framework in Frameworks */,
			);
			runOnlyForDeploymentPostprocessing = 0;
		};
		4E1B6274196A389F00F68C98 /* Frameworks */ = {
			isa = PBXFrameworksBuildPhase;
			buildActionMask = 2147483647;
			files = (
				4E1B6279196A389F00F68C98 /* XCTest.framework in Frameworks */,
				4E1B627B196A389F00F68C98 /* UIKit.framework in Frameworks */,
				4E1B627A196A389F00F68C98 /* Foundation.framework in Frameworks */,
			);
			runOnlyForDeploymentPostprocessing = 0;
		};
/* End PBXFrameworksBuildPhase section */

/* Begin PBXGroup section */
		4E012B3F196A519B0009218E /* Classes */ = {
			isa = PBXGroup;
			children = (
				4E012B40196A519B0009218E /* NMSTranslator.h */,
				4E012B41196A519B0009218E /* NMSTranslator.m */,
				4E059277196B6180002ED528 /* NSString+HttpEscapedString.h */,
				4E059278196B6180002ED528 /* NSString+HttpEscapedString.m */,
				4E05927A196B64CF002ED528 /* NSRegularExpression+TranslateResponseParser.h */,
				4E05927B196B64CF002ED528 /* NSRegularExpression+TranslateResponseParser.m */,
				4E05927F196B6713002ED528 /* NSDictionary+HttpArguments.h */,
				4E059280196B6713002ED528 /* NSDictionary+HttpArguments.m */,
			);
			path = Classes;
			sourceTree = "<group>";
		};
		4E1B624D196A389E00F68C98 = {
			isa = PBXGroup;
			children = (
				4E1B625F196A389E00F68C98 /* NeetMSTranslator */,
				4E1B627E196A389F00F68C98 /* NeetMSTranslatorTests */,
				4E1B6258196A389E00F68C98 /* Frameworks */,
				4E1B6257196A389E00F68C98 /* Products */,
			);
			sourceTree = "<group>";
		};
		4E1B6257196A389E00F68C98 /* Products */ = {
			isa = PBXGroup;
			children = (
				4E1B6256196A389E00F68C98 /* NeetMSTranslator.app */,
				4E1B6277196A389F00F68C98 /* NeetMSTranslatorTests.xctest */,
			);
			name = Products;
			sourceTree = "<group>";
		};
		4E1B6258196A389E00F68C98 /* Frameworks */ = {
			isa = PBXGroup;
			children = (
				4E1B6259196A389E00F68C98 /* Foundation.framework */,
				4E1B625B196A389E00F68C98 /* CoreGraphics.framework */,
				4E1B625D196A389E00F68C98 /* UIKit.framework */,
				4E1B6278196A389F00F68C98 /* XCTest.framework */,
				454A5F709A1041BBAB33C7A9 /* libPods.a */,
			);
			name = Frameworks;
			sourceTree = "<group>";
		};
		4E1B625F196A389E00F68C98 /* NeetMSTranslator */ = {
			isa = PBXGroup;
			children = (
				4E012B3F196A519B0009218E /* Classes */,
				4E1B628E196A38A900F68C98 /* Controller */,
				4E1B6268196A389E00F68C98 /* NMSAppDelegate.h */,
				4E1B6269196A389E00F68C98 /* NMSAppDelegate.m */,
				4E1B6271196A389E00F68C98 /* Images.xcassets */,
				4E1B6260196A389E00F68C98 /* Supporting Files */,
				4ED928D9196A43EA00E8A29F /* Main.storyboard */,
			);
			path = NeetMSTranslator;
			sourceTree = "<group>";
		};
		4E1B6260196A389E00F68C98 /* Supporting Files */ = {
			isa = PBXGroup;
			children = (
				4E1B6261196A389E00F68C98 /* NeetMSTranslator-Info.plist */,
				4E1B6262196A389E00F68C98 /* InfoPlist.strings */,
				4E1B6265196A389E00F68C98 /* main.m */,
				4E1B6267196A389E00F68C98 /* NeetMSTranslator-Prefix.pch */,
			);
			name = "Supporting Files";
			sourceTree = "<group>";
		};
		4E1B627E196A389F00F68C98 /* NeetMSTranslatorTests */ = {
			isa = PBXGroup;
			children = (
				4E059282196B68A5002ED528 /* NMSNSString+HttpEscapedStringTest.m */,
				4E059284196B6F81002ED528 /* NMSNSDictionary+HttpArgumentsTest.m */,
				4E1B627F196A389F00F68C98 /* Supporting Files */,
				4E059286196B7313002ED528 /* NMSNSRegularExpression+TranslateResponseParserTest.m */,
			);
			path = NeetMSTranslatorTests;
			sourceTree = "<group>";
		};
		4E1B627F196A389F00F68C98 /* Supporting Files */ = {
			isa = PBXGroup;
			children = (
				4E1B6280196A389F00F68C98 /* NeetMSTranslatorTests-Info.plist */,
				4E1B6281196A389F00F68C98 /* InfoPlist.strings */,
			);
			name = "Supporting Files";
			sourceTree = "<group>";
		};
		4E1B628E196A38A900F68C98 /* Controller */ = {
			isa = PBXGroup;
			children = (
				4E1B626E196A389E00F68C98 /* NMSViewController.h */,
				4E1B626F196A389E00F68C98 /* NMSViewController.m */,
			);
			name = Controller;
			sourceTree = "<group>";
		};
/* End PBXGroup section */

/* Begin PBXNativeTarget section */
		4E1B6255196A389E00F68C98 /* NeetMSTranslator */ = {
			isa = PBXNativeTarget;
			buildConfigurationList = 4E1B6288196A389F00F68C98 /* Build configuration list for PBXNativeTarget "NeetMSTranslator" */;
			buildPhases = (
				4E1B6252196A389E00F68C98 /* Sources */,
				4E1B6253196A389E00F68C98 /* Frameworks */,
				4E1B6254196A389E00F68C98 /* Resources */,
			);
			buildRules = (
			);
			dependencies = (
			);
			name = NeetMSTranslator;
			productName = NeetMSTranslator;
			productReference = 4E1B6256196A389E00F68C98 /* NeetMSTranslator.app */;
			productType = "com.apple.product-type.application";
		};
		4E1B6276196A389F00F68C98 /* NeetMSTranslatorTests */ = {
			isa = PBXNativeTarget;
			buildConfigurationList = 4E1B628B196A389F00F68C98 /* Build configuration list for PBXNativeTarget "NeetMSTranslatorTests" */;
			buildPhases = (
				4E1B6273196A389F00F68C98 /* Sources */,
				4E1B6274196A389F00F68C98 /* Frameworks */,
				4E1B6275196A389F00F68C98 /* Resources */,
			);
			buildRules = (
			);
			dependencies = (
				4E1B627D196A389F00F68C98 /* PBXTargetDependency */,
			);
			name = NeetMSTranslatorTests;
			productName = NeetMSTranslatorTests;
			productReference = 4E1B6277196A389F00F68C98 /* NeetMSTranslatorTests.xctest */;
			productType = "com.apple.product-type.bundle.unit-test";
		};
/* End PBXNativeTarget section */

/* Begin PBXProject section */
		4E1B624E196A389E00F68C98 /* Project object */ = {
			isa = PBXProject;
			attributes = {
				CLASSPREFIX = NMS;
				LastUpgradeCheck = 0510;
				ORGANIZATIONNAME = neethouse;
				TargetAttributes = {
					4E1B6276196A389F00F68C98 = {
						TestTargetID = 4E1B6255196A389E00F68C98;
					};
				};
			};
			buildConfigurationList = 4E1B6251196A389E00F68C98 /* Build configuration list for PBXProject "NeetMSTranslator" */;
			compatibilityVersion = "Xcode 3.2";
			developmentRegion = English;
			hasScannedForEncodings = 0;
			knownRegions = (
				en,
				Base,
			);
			mainGroup = 4E1B624D196A389E00F68C98;
			productRefGroup = 4E1B6257196A389E00F68C98 /* Products */;
			projectDirPath = "";
			projectRoot = "";
			targets = (
				4E1B6255196A389E00F68C98 /* NeetMSTranslator */,
				4E1B6276196A389F00F68C98 /* NeetMSTranslatorTests */,
			);
		};
/* End PBXProject section */

/* Begin PBXResourcesBuildPhase section */
		4E1B6254196A389E00F68C98 /* Resources */ = {
			isa = PBXResourcesBuildPhase;
			buildActionMask = 2147483647;
			files = (
				4ED928DA196A43EA00E8A29F /* Main.storyboard in Resources */,
				4E1B6272196A389E00F68C98 /* Images.xcassets in Resources */,
				4E1B6264196A389E00F68C98 /* InfoPlist.strings in Resources */,
			);
			runOnlyForDeploymentPostprocessing = 0;
		};
		4E1B6275196A389F00F68C98 /* Resources */ = {
			isa = PBXResourcesBuildPhase;
			buildActionMask = 2147483647;
			files = (
				4E1B6283196A389F00F68C98 /* InfoPlist.strings in Resources */,
			);
			runOnlyForDeploymentPostprocessing = 0;
		};
/* End PBXResourcesBuildPhase section */

/* Begin PBXSourcesBuildPhase section */
		4E1B6252196A389E00F68C98 /* Sources */ = {
			isa = PBXSourcesBuildPhase;
			buildActionMask = 2147483647;
			files = (
				4E05927C196B64CF002ED528 /* NSRegularExpression+TranslateResponseParser.m in Sources */,
				4E1B6270196A389E00F68C98 /* NMSViewController.m in Sources */,
				4E059279196B6180002ED528 /* NSString+HttpEscapedString.m in Sources */,
				4E1B6266196A389E00F68C98 /* main.m in Sources */,
				4E059281196B6713002ED528 /* NSDictionary+HttpArguments.m in Sources */,
				4E012B42196A519B0009218E /* NMSTranslator.m in Sources */,
				4E1B626A196A389E00F68C98 /* NMSAppDelegate.m in Sources */,
			);
			runOnlyForDeploymentPostprocessing = 0;
		};
		4E1B6273196A389F00F68C98 /* Sources */ = {
			isa = PBXSourcesBuildPhase;
			buildActionMask = 2147483647;
			files = (
				4E059287196B7313002ED528 /* NMSNSRegularExpression+TranslateResponseParserTest.m in Sources */,
				4E059285196B6F81002ED528 /* NMSNSDictionary+HttpArgumentsTest.m in Sources */,
				4E059283196B68A5002ED528 /* NMSNSString+HttpEscapedStringTest.m in Sources */,
			);
			runOnlyForDeploymentPostprocessing = 0;
		};
/* End PBXSourcesBuildPhase section */

/* Begin PBXTargetDependency section */
		4E1B627D196A389F00F68C98 /* PBXTargetDependency */ = {
			isa = PBXTargetDependency;
			target = 4E1B6255196A389E00F68C98 /* NeetMSTranslator */;
			targetProxy = 4E1B627C196A389F00F68C98 /* PBXContainerItemProxy */;
		};
/* End PBXTargetDependency section */

/* Begin PBXVariantGroup section */
		4E1B6262196A389E00F68C98 /* InfoPlist.strings */ = {
			isa = PBXVariantGroup;
			children = (
				4E1B6263196A389E00F68C98 /* en */,
			);
			name = InfoPlist.strings;
			sourceTree = "<group>";
		};
		4E1B6281196A389F00F68C98 /* InfoPlist.strings */ = {
			isa = PBXVariantGroup;
			children = (
				4E1B6282196A389F00F68C98 /* en */,
			);
			name = InfoPlist.strings;
			sourceTree = "<group>";
		};
/* End PBXVariantGroup section */

/* Begin XCBuildConfiguration section */
		4E1B6286196A389F00F68C98 /* Debug */ = {
			isa = XCBuildConfiguration;
			buildSettings = {
				ALWAYS_SEARCH_USER_PATHS = NO;
				CLANG_CXX_LANGUAGE_STANDARD = "gnu++0x";
				CLANG_CXX_LIBRARY = "libc++";
				CLANG_ENABLE_MODULES = YES;
				CLANG_ENABLE_OBJC_ARC = YES;
				CLANG_WARN_BOOL_CONVERSION = YES;
				CLANG_WARN_CONSTANT_CONVERSION = YES;
				CLANG_WARN_DIRECT_OBJC_ISA_USAGE = YES_ERROR;
				CLANG_WARN_EMPTY_BODY = YES;
				CLANG_WARN_ENUM_CONVERSION = YES;
				CLANG_WARN_INT_CONVERSION = YES;
				CLANG_WARN_OBJC_ROOT_CLASS = YES_ERROR;
				CLANG_WARN__DUPLICATE_METHOD_MATCH = YES;
				"CODE_SIGN_IDENTITY[sdk=iphoneos*]" = "iPhone Developer";
				COPY_PHASE_STRIP = NO;
				GCC_C_LANGUAGE_STANDARD = gnu99;
				GCC_DYNAMIC_NO_PIC = NO;
				GCC_OPTIMIZATION_LEVEL = 0;
				GCC_PREPROCESSOR_DEFINITIONS = (
					"DEBUG=1",
					"$(inherited)",
				);
				GCC_SYMBOLS_PRIVATE_EXTERN = NO;
				GCC_WARN_64_TO_32_BIT_CONVERSION = YES;
				GCC_WARN_ABOUT_RETURN_TYPE = YES_ERROR;
				GCC_WARN_UNDECLARED_SELECTOR = YES;
				GCC_WARN_UNINITIALIZED_AUTOS = YES_AGGRESSIVE;
				GCC_WARN_UNUSED_FUNCTION = YES;
				GCC_WARN_UNUSED_VARIABLE = YES;
				IPHONEOS_DEPLOYMENT_TARGET = 7.1;
				ONLY_ACTIVE_ARCH = YES;
				SDKROOT = iphoneos;
			};
			name = Debug;
		};
		4E1B6287196A389F00F68C98 /* Release */ = {
			isa = XCBuildConfiguration;
			buildSettings = {
				ALWAYS_SEARCH_USER_PATHS = NO;
				CLANG_CXX_LANGUAGE_STANDARD = "gnu++0x";
				CLANG_CXX_LIBRARY = "libc++";
				CLANG_ENABLE_MODULES = YES;
				CLANG_ENABLE_OBJC_ARC = YES;
				CLANG_WARN_BOOL_CONVERSION = YES;
				CLANG_WARN_CONSTANT_CONVERSION = YES;
				CLANG_WARN_DIRECT_OBJC_ISA_USAGE = YES_ERROR;
				CLANG_WARN_EMPTY_BODY = YES;
				CLANG_WARN_ENUM_CONVERSION = YES;
				CLANG_WARN_INT_CONVERSION = YES;
				CLANG_WARN_OBJC_ROOT_CLASS = YES_ERROR;
				CLANG_WARN__DUPLICATE_METHOD_MATCH = YES;
				"CODE_SIGN_IDENTITY[sdk=iphoneos*]" = "iPhone Developer";
				COPY_PHASE_STRIP = YES;
				ENABLE_NS_ASSERTIONS = NO;
				GCC_C_LANGUAGE_STANDARD = gnu99;
				GCC_WARN_64_TO_32_BIT_CONVERSION = YES;
				GCC_WARN_ABOUT_RETURN_TYPE = YES_ERROR;
				GCC_WARN_UNDECLARED_SELECTOR = YES;
				GCC_WARN_UNINITIALIZED_AUTOS = YES_AGGRESSIVE;
				GCC_WARN_UNUSED_FUNCTION = YES;
				GCC_WARN_UNUSED_VARIABLE = YES;
				IPHONEOS_DEPLOYMENT_TARGET = 7.1;
				SDKROOT = iphoneos;
				VALIDATE_PRODUCT = YES;
			};
			name = Release;
		};
		4E1B6289196A389F00F68C98 /* Debug */ = {
			isa = XCBuildConfiguration;
			buildSettings = {
				ASSETCATALOG_COMPILER_APPICON_NAME = AppIcon;
				ASSETCATALOG_COMPILER_LAUNCHIMAGE_NAME = LaunchImage;
				GCC_PRECOMPILE_PREFIX_HEADER = YES;
				GCC_PREFIX_HEADER = "NeetMSTranslator/NeetMSTranslator-Prefix.pch";
				INFOPLIST_FILE = "NeetMSTranslator/NeetMSTranslator-Info.plist";
				PRODUCT_NAME = "$(TARGET_NAME)";
				WRAPPER_EXTENSION = app;
			};
			name = Debug;
		};
		4E1B628A196A389F00F68C98 /* Release */ = {
			isa = XCBuildConfiguration;
			buildSettings = {
				ASSETCATALOG_COMPILER_APPICON_NAME = AppIcon;
				ASSETCATALOG_COMPILER_LAUNCHIMAGE_NAME = LaunchImage;
				GCC_PRECOMPILE_PREFIX_HEADER = YES;
				GCC_PREFIX_HEADER = "NeetMSTranslator/NeetMSTranslator-Prefix.pch";
				INFOPLIST_FILE = "NeetMSTranslator/NeetMSTranslator-Info.plist";
				PRODUCT_NAME = "$(TARGET_NAME)";
				WRAPPER_EXTENSION = app;
			};
			name = Release;
		};
		4E1B628C196A389F00F68C98 /* Debug */ = {
			isa = XCBuildConfiguration;
			buildSettings = {
				BUNDLE_LOADER = "$(BUILT_PRODUCTS_DIR)/NeetMSTranslator.app/NeetMSTranslator";
				FRAMEWORK_SEARCH_PATHS = (
					"$(SDKROOT)/Developer/Library/Frameworks",
					"$(inherited)",
					"$(DEVELOPER_FRAMEWORKS_DIR)",
				);
				GCC_PRECOMPILE_PREFIX_HEADER = YES;
				GCC_PREFIX_HEADER = "NeetMSTranslator/NeetMSTranslator-Prefix.pch";
				GCC_PREPROCESSOR_DEFINITIONS = (
					"DEBUG=1",
					"$(inherited)",
				);
				INFOPLIST_FILE = "NeetMSTranslatorTests/NeetMSTranslatorTests-Info.plist";
				PRODUCT_NAME = "$(TARGET_NAME)";
				TEST_HOST = "$(BUNDLE_LOADER)";
				WRAPPER_EXTENSION = xctest;
			};
			name = Debug;
		};
		4E1B628D196A389F00F68C98 /* Release */ = {
			isa = XCBuildConfiguration;
			buildSettings = {
				BUNDLE_LOADER = "$(BUILT_PRODUCTS_DIR)/NeetMSTranslator.app/NeetMSTranslator";
				FRAMEWORK_SEARCH_PATHS = (
					"$(SDKROOT)/Developer/Library/Frameworks",
					"$(inherited)",
					"$(DEVELOPER_FRAMEWORKS_DIR)",
				);
				GCC_PRECOMPILE_PREFIX_HEADER = YES;
				GCC_PREFIX_HEADER = "NeetMSTranslator/NeetMSTranslator-Prefix.pch";
				INFOPLIST_FILE = "NeetMSTranslatorTests/NeetMSTranslatorTests-Info.plist";
				PRODUCT_NAME = "$(TARGET_NAME)";
				TEST_HOST = "$(BUNDLE_LOADER)";
				WRAPPER_EXTENSION = xctest;
			};
			name = Release;
		};
/* End XCBuildConfiguration section */

/* Begin XCConfigurationList section */
		4E1B6251196A389E00F68C98 /* Build configuration list for PBXProject "NeetMSTranslator" */ = {
			isa = XCConfigurationList;
			buildConfigurations = (
				4E1B6286196A389F00F68C98 /* Debug */,
				4E1B6287196A389F00F68C98 /* Release */,
			);
			defaultConfigurationIsVisible = 0;
			defaultConfigurationName = Release;
		};
		4E1B6288196A389F00F68C98 /* Build configuration list for PBXNativeTarget "NeetMSTranslator" */ = {
			isa = XCConfigurationList;
			buildConfigurations = (
				4E1B6289196A389F00F68C98 /* Debug */,
				4E1B628A196A389F00F68C98 /* Release */,
			);
			defaultConfigurationIsVisible = 0;
			defaultConfigurationName = Release;
		};
		4E1B628B196A389F00F68C98 /* Build configuration list for PBXNativeTarget "NeetMSTranslatorTests" */ = {
			isa = XCConfigurationList;
			buildConfigurations = (
				4E1B628C196A389F00F68C98 /* Debug */,
				4E1B628D196A389F00F68C98 /* Release */,
			);
			defaultConfigurationIsVisible = 0;
			defaultConfigurationName = Release;
		};
/* End XCConfigurationList section */
	};
	rootObject = 4E1B624E196A389E00F68C98 /* Project object */;
}
